{
  "name": "proof-physics",
  "version": "1.0.5",
  "lockfileVersion": 3,
  "requires": true,
  "packages": {
    "": {
      "name": "proof-physics",
      "version": "1.0.5",
      "license": "(GPL-3.0 OR LicenseRef-Commercial)",
      "dependencies": {
        "proof-physics": "^1.0.3"
      },
      "bin": {
        "pp": "src/cli.js"
      },
      "devDependencies": {},
      "engines": {
        "node": ">=18.0.0"
      }
    },
    "node_modules/proof-physics": {
      "version": "1.0.3",
      "resolved": "https://registry.npmjs.org/proof-physics/-/proof-physics-1.0.3.tgz",
      "integrity": "sha512-tQlYudKu/Y5i0OUSmorTsnbs50XFJKz4v/svZkFn892yAbAwA/miBDCe8A3SZWWsHN+TV0hRP86zQfT9HzYzqA==",
      "license": "(GPL-3.0 OR LicenseRef-Commercial)",
      "bin": {
        "pp": "src/cli.js"
      },
      "engines": {
        "node": ">=18.0.0"
      }
    }
  }
}
